Microsoft Visual Studio Solution File, Format Version 12.00
# Visual Studio Version 17
VisualStudioVersion = 17.13.35828.75
MinimumVisualStudioVersion = 10.0.40219.1
Project("{FAE04EC0-301F-11D3-BF4B-00C04F79EFBC}") = "Game-Server", "Game-Server\Game-Server.csproj", "{2F5DF4DB-CA57-4334-BBD8-2C27C1EF790C}"
EndProject
Project("{FAE04EC0-301F-11D3-BF4B-00C04F79EFBC}") = "Lobby-Server", "Lobby-Server\Lobby-Server.csproj", "{4D3A8048-8016-4580-B601-1473BF4EF6B6}"
EndProject
Project("{FAE04EC0-301F-11D3-BF4B-00C04F79EFBC}") = "Gateway-Server", "Gateway-Server\Gateway-Server.csproj", "{338D17FF-297A-46D0-AA21-30CBA737FF73}"
EndProject
Project("{2150E333-8FDC-42A3-9474-1A3956D46DE8}") = "Tools", "Tools", "{C8D5274F-AC00-46C7-1F8D-E88E81087A52}"
EndProject
Global
	GlobalSection(SolutionConfigurationPlatforms) = preSolution
		Debug|Any CPU = Debug|Any CPU
		Release|Any CPU = Release|Any CPU
	EndGlobalSection
	GlobalSection(ProjectConfigurationPlatforms) = postSolution
		{2F5DF4DB-CA57-4334-BBD8-2C27C1EF790C}.Debug|Any CPU.ActiveCfg = Debug|Any CPU
		{2F5DF4DB-CA57-4334-BBD8-2C27C1EF790C}.Debug|Any CPU.Build.0 = Debug|Any CPU
		{2F5DF4DB-CA57-4334-BBD8-2C27C1EF790C}.Release|Any CPU.ActiveCfg = Release|Any CPU
		{2F5DF4DB-CA57-4334-BBD8-2C27C1EF790C}.Release|Any CPU.Build.0 = Release|Any CPU
		{4D3A8048-8016-4580-B601-1473BF4EF6B6}.Debug|Any CPU.ActiveCfg = Debug|Any CPU
		{4D3A8048-8016-4580-B601-1473BF4EF6B6}.Debug|Any CPU.Build.0 = Debug|Any CPU
		{4D3A8048-8016-4580-B601-1473BF4EF6B6}.Release|Any CPU.ActiveCfg = Release|Any CPU
		{4D3A8048-8016-4580-B601-1473BF4EF6B6}.Release|Any CPU.Build.0 = Release|Any CPU
		{338D17FF-297A-46D0-AA21-30CBA737FF73}.Debug|Any CPU.ActiveCfg = Debug|Any CPU
		{338D17FF-297A-46D0-AA21-30CBA737FF73}.Debug|Any CPU.Build.0 = Debug|Any CPU
		{338D17FF-297A-46D0-AA21-30CBA737FF73}.Release|Any CPU.ActiveCfg = Release|Any CPU
		{338D17FF-297A-46D0-AA21-30CBA737FF73}.Release|Any CPU.Build.0 = Release|Any CPU
	EndGlobalSection
	GlobalSection(SolutionProperties) = preSolution
		HideSolutionNode = FALSE
	EndGlobalSection
	GlobalSection(ExtensibilityGlobals) = postSolution
		SolutionGuid = {FF1ABA55-BDD0-4F0B-91EC-F07850E2AEF9}
	EndGlobalSection
EndGlobal
